# This file is automatically @generated by Cargo.
# It is not intended for manual editing.
version = 4

[[package]]
name = "atomic_refcell"
version = "0.1.12"
source = "git+https://github.com/vdrn/atomic_refcell.git#3eb492ea0eb8627914f3c4f074fcf8d8dadb1d81"

[[package]]
name = "semisafe_cell"
version = "0.1.0"
dependencies = [
 "atomic_refcell",
]
